
Microsoft Visual Studio Solution File, Format Version 12.00
# Visual Studio Version 17
VisualStudioVersion = 17.4.33213.308
MinimumVisualStudioVersion = 10.0.40219.1
Project("{FAE04EC0-301F-11D3-BF4B-00C04F79EFBC}") = "SpecFlowProject", "SpecFlowProject\SpecFlowProject.csproj", "{E75233F2-1D12-4C01-8633-9E7DAA702A65}"
EndProject
Global
	GlobalSection(SolutionConfigurationPlatforms) = preSolution
		Debug|Any CPU = Debug|Any CPU
		Release|Any CPU = Release|Any CPU
	EndGlobalSection
	GlobalSection(ProjectConfigurationPlatforms) = postSolution
		{E75233F2-1D12-4C01-8633-9E7DAA702A65}.Debug|Any CPU.ActiveCfg = Debug|Any CPU
		{E75233F2-1D12-4C01-8633-9E7DAA702A65}.Debug|Any CPU.Build.0 = Debug|Any CPU
		{E75233F2-1D12-4C01-8633-9E7DAA702A65}.Release|Any CPU.ActiveCfg = Release|Any CPU
		{E75233F2-1D12-4C01-8633-9E7DAA702A65}.Release|Any CPU.Build.0 = Release|Any CPU
	EndGlobalSection
	GlobalSection(SolutionProperties) = preSolution
		HideSolutionNode = FALSE
	EndGlobalSection
	GlobalSection(ExtensibilityGlobals) = postSolution
		SolutionGuid = {8742AE64-9EC7-457E-9A0D-63813C342BD2}
	EndGlobalSection
EndGlobal
